
Microsoft Visual Studio Solution File, Format Version 11.00
# Visual Studio 2010
Project("{8BC9CEB8-8B4A-11D0-8D11-00A0C91BC942}") = "线性表顺序存储测试", "线性表顺序存储测试\线性表顺序存储测试.vcxproj", "{2984A116-3E22-4ED4-9247-34C70238C847}"
EndProject
Global
	GlobalSection(SolutionConfigurationPlatforms) = preSolution
		Debug|Win32 = Debug|Win32
		Release|Win32 = Release|Win32
	EndGlobalSection
	GlobalSection(ProjectConfigurationPlatforms) = postSolution
		{2984A116-3E22-4ED4-9247-34C70238C847}.Debug|Win32.ActiveCfg = Debug|Win32
		{2984A116-3E22-4ED4-9247-34C70238C847}.Debug|Win32.Build.0 = Debug|Win32
		{2984A116-3E22-4ED4-9247-34C70238C847}.Release|Win32.ActiveCfg = Release|Win32
		{2984A116-3E22-4ED4-9247-34C70238C847}.Release|Win32.Build.0 = Release|Win32
	EndGlobalSection
	GlobalSection(SolutionProperties) = preSolution
		HideSolutionNode = FALSE
	EndGlobalSection
EndGlobal
